
Microsoft Visual Studio Solution File, Format Version 12.00
# Visual Studio Version 16
VisualStudioVersion = 16.0.30907.101
MinimumVisualStudioVersion = 10.0.40219.1
Project("{9A19103F-16F7-4668-BE54-9A1E7A4F7556}") = "KampIntro1", "KampIntro1\KampIntro1.csproj", "{8D2E459C-62ED-4929-A2F0-E0046CD8BB93}"
EndProject
Project("{9A19103F-16F7-4668-BE54-9A1E7A4F7556}") = "Dongular", "Dongular\Dongular.csproj", "{E35202E9-21A8-472F-9460-C67B4C97F7D5}"
EndProject
Project("{9A19103F-16F7-4668-BE54-9A1E7A4F7556}") = "ClassIntro", "ClassIntro\ClassIntro.csproj", "{CFF42F3D-3A2E-47BA-BE1D-B2D99BE2C9F0}"
EndProject
Project("{FAE04EC0-301F-11D3-BF4B-00C04F79EFBC}") = "Metotlar", "Metotlar\Metotlar.csproj", "{26729ADC-4ECB-4FFE-8493-C5ADCC163B02}"
EndProject
Project("{FAE04EC0-301F-11D3-BF4B-00C04F79EFBC}") = "Matematik", "Matematik\Matematik.csproj", "{06D71CC8-08A5-4B42-82F7-1F9F6B678C76}"
EndProject
Project("{FAE04EC0-301F-11D3-BF4B-00C04F79EFBC}") = "DegerVeReferansTipler", "DegerVeReferansTipler\DegerVeReferansTipler.csproj", "{CFA733B8-6900-4548-B1D7-3E793FEB0410}"
EndProject
Global
	GlobalSection(SolutionConfigurationPlatforms) = preSolution
		Debug|Any CPU = Debug|Any CPU
		Release|Any CPU = Release|Any CPU
	EndGlobalSection
	GlobalSection(ProjectConfigurationPlatforms) = postSolution
		{8D2E459C-62ED-4929-A2F0-E0046CD8BB93}.Debug|Any CPU.ActiveCfg = Debug|Any CPU
		{8D2E459C-62ED-4929-A2F0-E0046CD8BB93}.Debug|Any CPU.Build.0 = Debug|Any CPU
		{8D2E459C-62ED-4929-A2F0-E0046CD8BB93}.Release|Any CPU.ActiveCfg = Release|Any CPU
		{8D2E459C-62ED-4929-A2F0-E0046CD8BB93}.Release|Any CPU.Build.0 = Release|Any CPU
		{E35202E9-21A8-472F-9460-C67B4C97F7D5}.Debug|Any CPU.ActiveCfg = Debug|Any CPU
		{E35202E9-21A8-472F-9460-C67B4C97F7D5}.Debug|Any CPU.Build.0 = Debug|Any CPU
		{E35202E9-21A8-472F-9460-C67B4C97F7D5}.Release|Any CPU.ActiveCfg = Release|Any CPU
		{E35202E9-21A8-472F-9460-C67B4C97F7D5}.Release|Any CPU.Build.0 = Release|Any CPU
		{CFF42F3D-3A2E-47BA-BE1D-B2D99BE2C9F0}.Debug|Any CPU.ActiveCfg = Debug|Any CPU
		{CFF42F3D-3A2E-47BA-BE1D-B2D99BE2C9F0}.Debug|Any CPU.Build.0 = Debug|Any CPU
		{CFF42F3D-3A2E-47BA-BE1D-B2D99BE2C9F0}.Release|Any CPU.ActiveCfg = Release|Any CPU
		{CFF42F3D-3A2E-47BA-BE1D-B2D99BE2C9F0}.Release|Any CPU.Build.0 = Release|Any CPU
		{26729ADC-4ECB-4FFE-8493-C5ADCC163B02}.Debug|Any CPU.ActiveCfg = Debug|Any CPU
		{26729ADC-4ECB-4FFE-8493-C5ADCC163B02}.Debug|Any CPU.Build.0 = Debug|Any CPU
		{26729ADC-4ECB-4FFE-8493-C5ADCC163B02}.Release|Any CPU.ActiveCfg = Release|Any CPU
		{26729ADC-4ECB-4FFE-8493-C5ADCC163B02}.Release|Any CPU.Build.0 = Release|Any CPU
		{06D71CC8-08A5-4B42-82F7-1F9F6B678C76}.Debug|Any CPU.ActiveCfg = Debug|Any CPU
		{06D71CC8-08A5-4B42-82F7-1F9F6B678C76}.Debug|Any CPU.Build.0 = Debug|Any CPU
		{06D71CC8-08A5-4B42-82F7-1F9F6B678C76}.Release|Any CPU.ActiveCfg = Release|Any CPU
		{06D71CC8-08A5-4B42-82F7-1F9F6B678C76}.Release|Any CPU.Build.0 = Release|Any CPU
		{CFA733B8-6900-4548-B1D7-3E793FEB0410}.Debug|Any CPU.ActiveCfg = Debug|Any CPU
		{CFA733B8-6900-4548-B1D7-3E793FEB0410}.Debug|Any CPU.Build.0 = Debug|Any CPU
		{CFA733B8-6900-4548-B1D7-3E793FEB0410}.Release|Any CPU.ActiveCfg = Release|Any CPU
		{CFA733B8-6900-4548-B1D7-3E793FEB0410}.Release|Any CPU.Build.0 = Release|Any CPU
	EndGlobalSection
	GlobalSection(SolutionProperties) = preSolution
		HideSolutionNode = FALSE
	EndGlobalSection
	GlobalSection(ExtensibilityGlobals) = postSolution
		SolutionGuid = {366C3662-F143-4179-8B19-E55EE5FD0637}
	EndGlobalSection
EndGlobal
